
Microsoft Visual Studio Solution File, Format Version 12.00
# Visual Studio 15
VisualStudioVersion = 15.0.27703.2035
MinimumVisualStudioVersion = 10.0.40219.1
Project("{FAE04EC0-301F-11D3-BF4B-00C04F79EFBC}") = "StrategyPattern", "StrategyPattern\StrategyPattern.csproj", "{1AEABC3A-5539-47B2-9077-63102462BC63}"
EndProject
Global
	GlobalSection(SolutionConfigurationPlatforms) = preSolution
		Debug|Any CPU = Debug|Any CPU
		Release|Any CPU = Release|Any CPU
	EndGlobalSection
	GlobalSection(ProjectConfigurationPlatforms) = postSolution
		{1AEABC3A-5539-47B2-9077-63102462BC63}.Debug|Any CPU.ActiveCfg = Debug|Any CPU
		{1AEABC3A-5539-47B2-9077-63102462BC63}.Debug|Any CPU.Build.0 = Debug|Any CPU
		{1AEABC3A-5539-47B2-9077-63102462BC63}.Release|Any CPU.ActiveCfg = Release|Any CPU
		{1AEABC3A-5539-47B2-9077-63102462BC63}.Release|Any CPU.Build.0 = Release|Any CPU
	EndGlobalSection
	GlobalSection(SolutionProperties) = preSolution
		HideSolutionNode = FALSE
	EndGlobalSection
	GlobalSection(ExtensibilityGlobals) = postSolution
		SolutionGuid = {FD44289B-CCA2-48C1-AA76-26F3AA8C13B0}
	EndGlobalSection
EndGlobal
